{
  "nodes": {
    "cargo2nix": {
      "inputs": {
        "flake-utils": "flake-utils",
        "nixpkgs": "nixpkgs",
        "rust-overlay": "rust-overlay"
      },
      "locked": {
        "narHash": "sha256-jm+pNUIrg4f73zgLehrJW5LDh87EkH5KYSQD5OXHO9s=",
        "path": "../../",
        "type": "path"
      },
      "original": {
        "path": "../../",
        "type": "path"
      }
    },
    "flake-utils": {
      "locked": {
        "lastModified": 1634851050,
        "narHash": "sha256-N83GlSGPJJdcqhUxSCS/WwW5pksYf3VP1M13cDRTSVA=",
        "owner": "numtide",
        "repo": "flake-utils",
        "rev": "c91f3de5adaf1de973b797ef7485e441a65b8935",
        "type": "github"
      },
      "original": {
        "owner": "numtide",
        "repo": "flake-utils",
        "type": "github"
      }
    },
    "flake-utils_2": {
      "locked": {
        "lastModified": 1634851050,
        "narHash": "sha256-N83GlSGPJJdcqhUxSCS/WwW5pksYf3VP1M13cDRTSVA=",
        "owner": "numtide",
        "repo": "flake-utils",
        "rev": "c91f3de5adaf1de973b797ef7485e441a65b8935",
        "type": "github"
      },
      "original": {
        "owner": "numtide",
        "repo": "flake-utils",
        "type": "github"
      }
    },
    "nixpkgs": {
      "locked": {
        "lastModified": 1636814302,
        "narHash": "sha256-oO1cz/BSRIkZ29rYIklGP6+oQi5vbFEcL3y77Y15ZfY=",
        "owner": "nixos",
        "repo": "nixpkgs",
        "rev": "c0d77bdc811cf82a71dcc1f608c8aacaa28691a9",
        "type": "github"
      },
      "original": {
        "owner": "nixos",
        "ref": "release-21.05",
        "repo": "nixpkgs",
        "type": "github"
      }
    },
    "nixpkgs_2": {
      "locked": {
        "lastModified": 1636855248,
        "narHash": "sha256-ISyGm3p9uNvSqsgguK6+Pr0IDJ3pik14wTHZXfF3e/s=",
        "owner": "nixos",
        "repo": "nixpkgs",
        "rev": "195d5816cddc056e07fd2aa3fe81ee6e3f9d96e2",
        "type": "github"
      },
      "original": {
        "owner": "nixos",
        "ref": "release-21.05",
        "repo": "nixpkgs",
        "type": "github"
      }
    },
    "root": {
      "inputs": {
        "cargo2nix": "cargo2nix",
        "flake-utils": "flake-utils_2",
        "nixpkgs": "nixpkgs_2",
        "rust-overlay": "rust-overlay_2"
      }
    },
    "rust-overlay": {
      "inputs": {
        "flake-utils": [
          "flake-utils"
        ],
        "nixpkgs": [
          "nixpkgs"
        ]
      },
      "locked": {
        "lastModified": 1636769694,
        "narHash": "sha256-2dGVwaISVglbAJ1rZ17JHxm/hHf4ezMMgEkjVb+3dp0=",
        "owner": "oxalica",
        "repo": "rust-overlay",
        "rev": "2b97caa27af3693bdb46d70ebc2b76f03dacb72a",
        "type": "github"
      },
      "original": {
        "owner": "oxalica",
        "repo": "rust-overlay",
        "type": "github"
      }
    },
    "rust-overlay_2": {
      "inputs": {
        "flake-utils": [
          "flake-utils"
        ],
        "nixpkgs": [
          "nixpkgs"
        ]
      },
      "locked": {
        "lastModified": 1636856149,
        "narHash": "sha256-PXmVe3OVempsZyp+W/q9tlyNHXwvpgs95YK5rWgTJhU=",
        "owner": "oxalica",
        "repo": "rust-overlay",
        "rev": "1bd6efbe7a98b4bf2e6b89b137d6f36814475eed",
        "type": "github"
      },
      "original": {
        "owner": "oxalica",
        "repo": "rust-overlay",
        "type": "github"
      }
    }
  },
  "root": "root",
  "version": 7
}
