{
  "nodes": {
    "cargo2nix": {
      "inputs": {
        "flake-utils": "flake-utils",
        "nixpkgs": "nixpkgs",
        "rust-overlay": "rust-overlay"
      },
      "locked": {
        "narHash": "sha256-56iDnoLBxrk3Rm8P0mILhJpvwWH4YHJzRo4VLNraqhg=",
        "path": "../../",
        "type": "path"
      },
      "original": {
        "path": "../../",
        "type": "path"
      }
    },
    "flake-utils": {
      "locked": {
        "lastModified": 1637014545,
        "narHash": "sha256-26IZAc5yzlD9FlDT54io1oqG/bBoyka+FJk5guaX4x4=",
        "owner": "numtide",
        "repo": "flake-utils",
        "rev": "bba5dcc8e0b20ab664967ad83d24d64cb64ec4f4",
        "type": "github"
      },
      "original": {
        "owner": "numtide",
        "repo": "flake-utils",
        "type": "github"
      }
    },
    "flake-utils_2": {
      "locked": {
        "lastModified": 1634851050,
        "narHash": "sha256-N83GlSGPJJdcqhUxSCS/WwW5pksYf3VP1M13cDRTSVA=",
        "owner": "numtide",
        "repo": "flake-utils",
        "rev": "c91f3de5adaf1de973b797ef7485e441a65b8935",
        "type": "github"
      },
      "original": {
        "owner": "numtide",
        "repo": "flake-utils",
        "type": "github"
      }
    },
    "nixpkgs": {
      "locked": {
        "lastModified": 1637148124,
        "narHash": "sha256-uLvC4RU2nl3TjvQGaJzuUIEtbu/AcMwkj2UebECSpp8=",
        "owner": "nixos",
        "repo": "nixpkgs",
        "rev": "2e4a1ac9c7b79012111ab99b27055523e5a7c0f0",
        "type": "github"
      },
      "original": {
        "owner": "nixos",
        "ref": "release-21.05",
        "repo": "nixpkgs",
        "type": "github"
      }
    },
    "nixpkgs_2": {
      "locked": {
        "lastModified": 1636773800,
        "narHash": "sha256-zhfNZrX2ARCUvhfPz1n8SbxfMlmmSfSj9evyps/FIKA=",
        "owner": "nixos",
        "repo": "nixpkgs",
        "rev": "df696225f76fc1ee2432805d3934942dfe866309",
        "type": "github"
      },
      "original": {
        "owner": "nixos",
        "ref": "release-21.05",
        "repo": "nixpkgs",
        "type": "github"
      }
    },
    "root": {
      "inputs": {
        "cargo2nix": "cargo2nix",
        "flake-utils": "flake-utils_2",
        "nixpkgs": "nixpkgs_2",
        "rust-overlay": "rust-overlay_2"
      }
    },
    "rust-overlay": {
      "inputs": {
        "flake-utils": [
          "flake-utils"
        ],
        "nixpkgs": [
          "nixpkgs"
        ]
      },
      "locked": {
        "lastModified": 1637288133,
        "narHash": "sha256-x5XWEK333KEhy2WL3TafE1vSa8/A1sGdbirTIV2bmSc=",
        "owner": "oxalica",
        "repo": "rust-overlay",
        "rev": "ccc467eff80b2fbb8000cf425e999ef14fbe200c",
        "type": "github"
      },
      "original": {
        "owner": "oxalica",
        "repo": "rust-overlay",
        "type": "github"
      }
    },
    "rust-overlay_2": {
      "inputs": {
        "flake-utils": [
          "flake-utils"
        ],
        "nixpkgs": [
          "nixpkgs"
        ]
      },
      "locked": {
        "lastModified": 1636769694,
        "narHash": "sha256-2dGVwaISVglbAJ1rZ17JHxm/hHf4ezMMgEkjVb+3dp0=",
        "owner": "oxalica",
        "repo": "rust-overlay",
        "rev": "2b97caa27af3693bdb46d70ebc2b76f03dacb72a",
        "type": "github"
      },
      "original": {
        "owner": "oxalica",
        "repo": "rust-overlay",
        "type": "github"
      }
    }
  },
  "root": "root",
  "version": 7
}
